
Microsoft Visual Studio Solution File, Format Version 12.00
# Visual Studio Version 17
VisualStudioVersion = 17.10.35122.118
MinimumVisualStudioVersion = 10.0.40219.1
Project("{FAE04EC0-301F-11D3-BF4B-00C04F79EFBC}") = "restorant_otomasyonu", "restorant_otomasyonu\restorant_otomasyonu.csproj", "{ED1FF466-DCF8-4F8C-85CD-682B5D18BA4B}"
EndProject
Global
	GlobalSection(SolutionConfigurationPlatforms) = preSolution
		Debug|Any CPU = Debug|Any CPU
		Release|Any CPU = Release|Any CPU
	EndGlobalSection
	GlobalSection(ProjectConfigurationPlatforms) = postSolution
		{ED1FF466-DCF8-4F8C-85CD-682B5D18BA4B}.Debug|Any CPU.ActiveCfg = Debug|Any CPU
		{ED1FF466-DCF8-4F8C-85CD-682B5D18BA4B}.Debug|Any CPU.Build.0 = Debug|Any CPU
		{ED1FF466-DCF8-4F8C-85CD-682B5D18BA4B}.Release|Any CPU.ActiveCfg = Release|Any CPU
		{ED1FF466-DCF8-4F8C-85CD-682B5D18BA4B}.Release|Any CPU.Build.0 = Release|Any CPU
	EndGlobalSection
	GlobalSection(SolutionProperties) = preSolution
		HideSolutionNode = FALSE
	EndGlobalSection
	GlobalSection(ExtensibilityGlobals) = postSolution
		SolutionGuid = {1C6820D6-BDEA-4FDC-A11A-AE1C4BAE29BC}
	EndGlobalSection
EndGlobal
